{
  "nodes": {
    "dde-nixos": {
      "inputs": {
        "flake-utils": "flake-utils",
        "nixpkgs": [
          "nixpkgs"
        ]
      },
      "locked": {
        "lastModified": 1664244841,
        "narHash": "sha256-DtwYimc4kOu0odhmFE1Ycwi3rJEzIWw91Bf9tdp5zvk=",
        "owner": "linuxdeepin",
        "repo": "dde-nixos",
        "rev": "d3ecd4a1b538ada85752df8d5519efc0fd309715",
        "type": "github"
      },
      "original": {
        "owner": "linuxdeepin",
        "repo": "dde-nixos",
        "type": "github"
      }
    },
    "flake-utils": {
      "locked": {
        "lastModified": 1659877975,
        "narHash": "sha256-zllb8aq3YO3h8B/U0/J1WBgAL8EX5yWf5pMj3G0NAmc=",
        "owner": "numtide",
        "repo": "flake-utils",
        "rev": "c0e246b9b83f637f4681389ecabcb2681b4f3af0",
        "type": "github"
      },
      "original": {
        "owner": "numtide",
        "repo": "flake-utils",
        "type": "github"
      }
    },
    "flake-utils_2": {
      "locked": {
        "lastModified": 1659877975,
        "narHash": "sha256-zllb8aq3YO3h8B/U0/J1WBgAL8EX5yWf5pMj3G0NAmc=",
        "owner": "numtide",
        "repo": "flake-utils",
        "rev": "c0e246b9b83f637f4681389ecabcb2681b4f3af0",
        "type": "github"
      },
      "original": {
        "owner": "numtide",
        "repo": "flake-utils",
        "type": "github"
      }
    },
    "nixpkgs": {
      "locked": {
        "lastModified": 1664266718,
        "narHash": "sha256-j2okM1ghRbJY1Akxpu/pkuxIvT9FSycLwUxAYUOr6PI=",
        "owner": "NixOS",
        "repo": "nixpkgs",
        "rev": "2e977bf954e84a981b15ff4d2442802ce9b675f9",
        "type": "github"
      },
      "original": {
        "owner": "NixOS",
        "ref": "nixpkgs-unstable",
        "repo": "nixpkgs",
        "type": "github"
      }
    },
    "root": {
      "inputs": {
        "dde-nixos": "dde-nixos",
        "flake-utils": "flake-utils_2",
        "nixpkgs": "nixpkgs"
      }
    }
  },
  "root": "root",
  "version": 7
}
